
Microsoft Visual Studio Solution File, Format Version 12.00
# Visual Studio Version 17
VisualStudioVersion = 17.0.31611.283
MinimumVisualStudioVersion = 10.0.40219.1
Project("{9A19103F-16F7-4668-BE54-9A1E7A4F7556}") = "WA-Front", "WA-Front\WA-Front.csproj", "{9B91B970-C89B-4672-AA84-7FA16E2CF631}"
EndProject
Project("{9A19103F-16F7-4668-BE54-9A1E7A4F7556}") = "WA-WeatherAPI", "WA-WeatherAPI\WA-WeatherAPI.csproj", "{44B2BBB8-B213-4C76-AD18-E00FE4145023}"
EndProject
Project("{9A19103F-16F7-4668-BE54-9A1E7A4F7556}") = "WA-Utility", "WA-Utility\WA-Utility.csproj", "{5778F447-DBDC-475B-974A-B2B7AF4DC821}"
EndProject
Project("{9A19103F-16F7-4668-BE54-9A1E7A4F7556}") = "WA-UnitTests", "WA-UnitTests\WA-UnitTests.csproj", "{E03546BB-E03A-4218-92BC-04A781D12DC1}"
EndProject
Project("{8BC9CEB8-8B4A-11D0-8D11-00A0C91BC942}") = "Loading", "Loading\Loading.vcxproj", "{D3FE5B4B-2FBE-4ABC-AA6C-438887A7A711}"
EndProject
Global
	GlobalSection(SolutionConfigurationPlatforms) = preSolution
		Debug|Any CPU = Debug|Any CPU
		Debug|x64 = Debug|x64
		Debug|x86 = Debug|x86
		Release|Any CPU = Release|Any CPU
		Release|x64 = Release|x64
		Release|x86 = Release|x86
	EndGlobalSection
	GlobalSection(ProjectConfigurationPlatforms) = postSolution
		{9B91B970-C89B-4672-AA84-7FA16E2CF631}.Debug|Any CPU.ActiveCfg = Debug|Any CPU
		{9B91B970-C89B-4672-AA84-7FA16E2CF631}.Debug|Any CPU.Build.0 = Debug|Any CPU
		{9B91B970-C89B-4672-AA84-7FA16E2CF631}.Debug|Any CPU.Deploy.0 = Debug|Any CPU
		{9B91B970-C89B-4672-AA84-7FA16E2CF631}.Debug|x64.ActiveCfg = Debug|Any CPU
		{9B91B970-C89B-4672-AA84-7FA16E2CF631}.Debug|x64.Build.0 = Debug|Any CPU
		{9B91B970-C89B-4672-AA84-7FA16E2CF631}.Debug|x64.Deploy.0 = Debug|Any CPU
		{9B91B970-C89B-4672-AA84-7FA16E2CF631}.Debug|x86.ActiveCfg = Debug|Any CPU
		{9B91B970-C89B-4672-AA84-7FA16E2CF631}.Debug|x86.Build.0 = Debug|Any CPU
		{9B91B970-C89B-4672-AA84-7FA16E2CF631}.Debug|x86.Deploy.0 = Debug|Any CPU
		{9B91B970-C89B-4672-AA84-7FA16E2CF631}.Release|Any CPU.ActiveCfg = Release|Any CPU
		{9B91B970-C89B-4672-AA84-7FA16E2CF631}.Release|Any CPU.Build.0 = Release|Any CPU
		{9B91B970-C89B-4672-AA84-7FA16E2CF631}.Release|Any CPU.Deploy.0 = Release|Any CPU
		{9B91B970-C89B-4672-AA84-7FA16E2CF631}.Release|x64.ActiveCfg = Release|Any CPU
		{9B91B970-C89B-4672-AA84-7FA16E2CF631}.Release|x64.Build.0 = Release|Any CPU
		{9B91B970-C89B-4672-AA84-7FA16E2CF631}.Release|x64.Deploy.0 = Release|Any CPU
		{9B91B970-C89B-4672-AA84-7FA16E2CF631}.Release|x86.ActiveCfg = Release|Any CPU
		{9B91B970-C89B-4672-AA84-7FA16E2CF631}.Release|x86.Build.0 = Release|Any CPU
		{9B91B970-C89B-4672-AA84-7FA16E2CF631}.Release|x86.Deploy.0 = Release|Any CPU
		{44B2BBB8-B213-4C76-AD18-E00FE4145023}.Debug|Any CPU.ActiveCfg = Debug|Any CPU
		{44B2BBB8-B213-4C76-AD18-E00FE4145023}.Debug|Any CPU.Build.0 = Debug|Any CPU
		{44B2BBB8-B213-4C76-AD18-E00FE4145023}.Debug|x64.ActiveCfg = Debug|Any CPU
		{44B2BBB8-B213-4C76-AD18-E00FE4145023}.Debug|x64.Build.0 = Debug|Any CPU
		{44B2BBB8-B213-4C76-AD18-E00FE4145023}.Debug|x86.ActiveCfg = Debug|Any CPU
		{44B2BBB8-B213-4C76-AD18-E00FE4145023}.Debug|x86.Build.0 = Debug|Any CPU
		{44B2BBB8-B213-4C76-AD18-E00FE4145023}.Release|Any CPU.ActiveCfg = Release|Any CPU
		{44B2BBB8-B213-4C76-AD18-E00FE4145023}.Release|Any CPU.Build.0 = Release|Any CPU
		{44B2BBB8-B213-4C76-AD18-E00FE4145023}.Release|x64.ActiveCfg = Release|Any CPU
		{44B2BBB8-B213-4C76-AD18-E00FE4145023}.Release|x64.Build.0 = Release|Any CPU
		{44B2BBB8-B213-4C76-AD18-E00FE4145023}.Release|x86.ActiveCfg = Release|Any CPU
		{44B2BBB8-B213-4C76-AD18-E00FE4145023}.Release|x86.Build.0 = Release|Any CPU
		{5778F447-DBDC-475B-974A-B2B7AF4DC821}.Debug|Any CPU.ActiveCfg = Debug|Any CPU
		{5778F447-DBDC-475B-974A-B2B7AF4DC821}.Debug|Any CPU.Build.0 = Debug|Any CPU
		{5778F447-DBDC-475B-974A-B2B7AF4DC821}.Debug|x64.ActiveCfg = Debug|Any CPU
		{5778F447-DBDC-475B-974A-B2B7AF4DC821}.Debug|x64.Build.0 = Debug|Any CPU
		{5778F447-DBDC-475B-974A-B2B7AF4DC821}.Debug|x86.ActiveCfg = Debug|Any CPU
		{5778F447-DBDC-475B-974A-B2B7AF4DC821}.Debug|x86.Build.0 = Debug|Any CPU
		{5778F447-DBDC-475B-974A-B2B7AF4DC821}.Release|Any CPU.ActiveCfg = Release|Any CPU
		{5778F447-DBDC-475B-974A-B2B7AF4DC821}.Release|Any CPU.Build.0 = Release|Any CPU
		{5778F447-DBDC-475B-974A-B2B7AF4DC821}.Release|x64.ActiveCfg = Release|Any CPU
		{5778F447-DBDC-475B-974A-B2B7AF4DC821}.Release|x64.Build.0 = Release|Any CPU
		{5778F447-DBDC-475B-974A-B2B7AF4DC821}.Release|x86.ActiveCfg = Release|Any CPU
		{5778F447-DBDC-475B-974A-B2B7AF4DC821}.Release|x86.Build.0 = Release|Any CPU
		{E03546BB-E03A-4218-92BC-04A781D12DC1}.Debug|Any CPU.ActiveCfg = Debug|Any CPU
		{E03546BB-E03A-4218-92BC-04A781D12DC1}.Debug|Any CPU.Build.0 = Debug|Any CPU
		{E03546BB-E03A-4218-92BC-04A781D12DC1}.Debug|x64.ActiveCfg = Debug|Any CPU
		{E03546BB-E03A-4218-92BC-04A781D12DC1}.Debug|x64.Build.0 = Debug|Any CPU
		{E03546BB-E03A-4218-92BC-04A781D12DC1}.Debug|x86.ActiveCfg = Debug|Any CPU
		{E03546BB-E03A-4218-92BC-04A781D12DC1}.Debug|x86.Build.0 = Debug|Any CPU
		{E03546BB-E03A-4218-92BC-04A781D12DC1}.Release|Any CPU.ActiveCfg = Release|Any CPU
		{E03546BB-E03A-4218-92BC-04A781D12DC1}.Release|Any CPU.Build.0 = Release|Any CPU
		{E03546BB-E03A-4218-92BC-04A781D12DC1}.Release|x64.ActiveCfg = Release|Any CPU
		{E03546BB-E03A-4218-92BC-04A781D12DC1}.Release|x64.Build.0 = Release|Any CPU
		{E03546BB-E03A-4218-92BC-04A781D12DC1}.Release|x86.ActiveCfg = Release|Any CPU
		{E03546BB-E03A-4218-92BC-04A781D12DC1}.Release|x86.Build.0 = Release|Any CPU
		{D3FE5B4B-2FBE-4ABC-AA6C-438887A7A711}.Debug|Any CPU.ActiveCfg = Debug|x64
		{D3FE5B4B-2FBE-4ABC-AA6C-438887A7A711}.Debug|Any CPU.Build.0 = Debug|x64
		{D3FE5B4B-2FBE-4ABC-AA6C-438887A7A711}.Debug|x64.ActiveCfg = Debug|x64
		{D3FE5B4B-2FBE-4ABC-AA6C-438887A7A711}.Debug|x64.Build.0 = Debug|x64
		{D3FE5B4B-2FBE-4ABC-AA6C-438887A7A711}.Debug|x86.ActiveCfg = Debug|Win32
		{D3FE5B4B-2FBE-4ABC-AA6C-438887A7A711}.Debug|x86.Build.0 = Debug|Win32
		{D3FE5B4B-2FBE-4ABC-AA6C-438887A7A711}.Release|Any CPU.ActiveCfg = Release|x64
		{D3FE5B4B-2FBE-4ABC-AA6C-438887A7A711}.Release|Any CPU.Build.0 = Release|x64
		{D3FE5B4B-2FBE-4ABC-AA6C-438887A7A711}.Release|x64.ActiveCfg = Release|x64
		{D3FE5B4B-2FBE-4ABC-AA6C-438887A7A711}.Release|x64.Build.0 = Release|x64
		{D3FE5B4B-2FBE-4ABC-AA6C-438887A7A711}.Release|x86.ActiveCfg = Release|Win32
		{D3FE5B4B-2FBE-4ABC-AA6C-438887A7A711}.Release|x86.Build.0 = Release|Win32
	EndGlobalSection
	GlobalSection(SolutionProperties) = preSolution
		HideSolutionNode = FALSE
	EndGlobalSection
	GlobalSection(ExtensibilityGlobals) = postSolution
		SolutionGuid = {61F7FB11-1E47-470C-91E2-47F8143E1572}
	EndGlobalSection
EndGlobal
